
Microsoft Visual Studio Solution File, Format Version 12.00
# Visual Studio Version 16
VisualStudioVersion = 16.0.29709.97
MinimumVisualStudioVersion = 10.0.40219.1
Project("{9092AA53-FB77-4645-B42D-1CCCA6BD08BD}") = "EurovisionPartyWeb", "EurovisionPartyWeb\EurovisionPartyWeb.njsproj", "{06A69A5E-6B50-4D26-9785-FF3C737B93AE}"
EndProject
Global
	GlobalSection(SolutionConfigurationPlatforms) = preSolution
		Debug|Any CPU = Debug|Any CPU
		Release|Any CPU = Release|Any CPU
	EndGlobalSection
	GlobalSection(ProjectConfigurationPlatforms) = postSolution
		{06A69A5E-6B50-4D26-9785-FF3C737B93AE}.Debug|Any CPU.ActiveCfg = Debug|Any CPU
		{06A69A5E-6B50-4D26-9785-FF3C737B93AE}.Debug|Any CPU.Build.0 = Debug|Any CPU
		{06A69A5E-6B50-4D26-9785-FF3C737B93AE}.Release|Any CPU.ActiveCfg = Release|Any CPU
		{06A69A5E-6B50-4D26-9785-FF3C737B93AE}.Release|Any CPU.Build.0 = Release|Any CPU
	EndGlobalSection
	GlobalSection(SolutionProperties) = preSolution
		HideSolutionNode = FALSE
	EndGlobalSection
	GlobalSection(ExtensibilityGlobals) = postSolution
		SolutionGuid = {0680CF06-85CB-49D2-97B7-659E856CC79F}
	EndGlobalSection
EndGlobal
